
Microsoft Visual Studio Solution File, Format Version 12.00
# Visual Studio 14
VisualStudioVersion = 14.0.23107.0
MinimumVisualStudioVersion = 10.0.40219.1
Project("{FAE04EC0-301F-11D3-BF4B-00C04F79EFBC}") = "ICommService", "ICommService\ICommService.csproj", "{E70DB46A-48EB-4CC2-A8CA-FB5F5EE5E868}"
EndProject
Project("{FAE04EC0-301F-11D3-BF4B-00C04F79EFBC}") = "CommService", "CommService\CommService.csproj", "{F4EA3343-94FD-4AAA-9FD2-9EDFDBCBEA82}"
EndProject
Project("{FAE04EC0-301F-11D3-BF4B-00C04F79EFBC}") = "Server", "Server\Server.csproj", "{5556846A-5E82-4165-8606-3B18D7FB70B7}"
EndProject
Project("{FAE04EC0-301F-11D3-BF4B-00C04F79EFBC}") = "Client1", "Client\Client1.csproj", "{7C941E58-6A66-4748-B269-7E2116F0FB73}"
EndProject
Project("{FAE04EC0-301F-11D3-BF4B-00C04F79EFBC}") = "Client2", "Client2\Client2.csproj", "{FC341354-C10B-4CBF-B7EB-F7075A8BEDEB}"
EndProject
Project("{FAE04EC0-301F-11D3-BF4B-00C04F79EFBC}") = "Receiver", "Receiver\Receiver.csproj", "{DF19B5C4-6901-40DB-B8E2-66AB614C92D6}"
EndProject
Project("{FAE04EC0-301F-11D3-BF4B-00C04F79EFBC}") = "Sender", "Sender\Sender.csproj", "{157B8945-CF60-4622-8000-0A8111E6DB84}"
EndProject
Project("{FAE04EC0-301F-11D3-BF4B-00C04F79EFBC}") = "Utilities", "Utilities\Utilities.csproj", "{75C29A38-49BB-41A1-8A23-F42CB8116546}"
EndProject
Project("{FAE04EC0-301F-11D3-BF4B-00C04F79EFBC}") = "BlockingQueue", "BlockingQueue\BlockingQueue.csproj", "{76074EF7-8D70-4951-A89D-53BF55477CDF}"
EndProject
Project("{FAE04EC0-301F-11D3-BF4B-00C04F79EFBC}") = "MakeMessage", "MakeMessage\MakeMessage.csproj", "{F30A5E78-908B-4D2F-BD7C-B13C60E42121}"
EndProject
Project("{FAE04EC0-301F-11D3-BF4B-00C04F79EFBC}") = "DBElement", "DBElement\DBElement.csproj", "{1D9FDB3E-8C03-493F-8D76-0443B298E854}"
EndProject
Project("{FAE04EC0-301F-11D3-BF4B-00C04F79EFBC}") = "DBEleEdit", "DBEleEdit\DBEleEdit.csproj", "{B10CC096-D791-437C-812F-A18ECEF5902A}"
EndProject
Project("{FAE04EC0-301F-11D3-BF4B-00C04F79EFBC}") = "DBEngine", "DBEngine\DBEngine.csproj", "{9F039B4C-22C7-488B-9E2F-B7224CC46A2D}"
EndProject
Project("{FAE04EC0-301F-11D3-BF4B-00C04F79EFBC}") = "DBExtensions", "DBExtensions\DBExtensions.csproj", "{A6ECC225-6634-474E-97F6-54FB2F758C99}"
EndProject
Project("{FAE04EC0-301F-11D3-BF4B-00C04F79EFBC}") = "DBFactory", "DBFactory\DBFactory.csproj", "{3F40E5B7-90FE-4A7E-9A96-9F604CF94134}"
EndProject
Project("{FAE04EC0-301F-11D3-BF4B-00C04F79EFBC}") = "Display", "Display\Display.csproj", "{84FEC583-D643-4465-ADA0-C34C9BF8C624}"
EndProject
Project("{FAE04EC0-301F-11D3-BF4B-00C04F79EFBC}") = "PersistEngine", "PersistEngine\PersistEngine.csproj", "{FF83A06F-4CC1-4985-973C-3EE0CBFC4CC0}"
EndProject
Project("{FAE04EC0-301F-11D3-BF4B-00C04F79EFBC}") = "QueryPackage", "QueryPackage\QueryPackage.csproj", "{89EB46F1-FC6D-4334-AF54-B3D020EADCC5}"
EndProject
Project("{FAE04EC0-301F-11D3-BF4B-00C04F79EFBC}") = "UtilityExtensions", "UtilityExtensions\UtilityExtensions.csproj", "{7092AC78-846B-424B-9CC3-94E2CB2D3C25}"
EndProject
Project("{FAE04EC0-301F-11D3-BF4B-00C04F79EFBC}") = "SchedulerPackage", "SchedulerPackage\SchedulerPackage.csproj", "{45837DC4-D36B-41BB-A4A4-A785C43F6B3A}"
EndProject
Project("{FAE04EC0-301F-11D3-BF4B-00C04F79EFBC}") = "ProcessMessage", "ProcessMessage\ProcessMessage.csproj", "{5B629BE9-F94F-4780-821A-12FA8712B39D}"
EndProject
Project("{FAE04EC0-301F-11D3-BF4B-00C04F79EFBC}") = "TestTimer", "HiResTimer\TestTimer\TestTimer.csproj", "{0B20335D-D367-437F-9F49-5AD477D0EF57}"
EndProject
Project("{FAE04EC0-301F-11D3-BF4B-00C04F79EFBC}") = "ProcessStarter", "ProcessStarter\ProcessStarter.csproj", "{C6E0C94D-35E0-4707-AB40-BD69B3180C58}"
EndProject
Project("{FAE04EC0-301F-11D3-BF4B-00C04F79EFBC}") = "Starter", "Starter\Starter.csproj", "{E9494B04-F32E-4E3B-9CE0-EBCB3AD77FE5}"
EndProject
Project("{FAE04EC0-301F-11D3-BF4B-00C04F79EFBC}") = "StarterWPF", "StarterWPF\StarterWPF.csproj", "{393B4953-A0F9-4A7D-8B1D-1CC5A3E7A4FE}"
EndProject
Project("{FAE04EC0-301F-11D3-BF4B-00C04F79EFBC}") = "WpfClient2", "WpfClient2\WpfClient2.csproj", "{7390EE77-7402-413C-B643-DBB261FF1AC8}"
EndProject
Project("{FAE04EC0-301F-11D3-BF4B-00C04F79EFBC}") = "Client1_DemoDB", "Client_DemoDB\Client1_DemoDB.csproj", "{D62D640C-2B72-46E2-AC82-F7FB1118685A}"
EndProject
Project("{FAE04EC0-301F-11D3-BF4B-00C04F79EFBC}") = "CSM", "CSM\CSM.csproj", "{5E39462D-5603-47B5-A655-393ED7A70A8F}"
EndProject
Project("{FAE04EC0-301F-11D3-BF4B-00C04F79EFBC}") = "Server2", "Server2\Server2.csproj", "{09DAF1F7-4F77-4E7A-AF7D-146EE8B7EA86}"
EndProject
Project("{FAE04EC0-301F-11D3-BF4B-00C04F79EFBC}") = "Server_log", "Serverlog\Server_log.csproj", "{721AA51B-45A1-487D-9A41-FE484D41539C}"
EndProject
Global
	GlobalSection(SolutionConfigurationPlatforms) = preSolution
		Debug|Any CPU = Debug|Any CPU
		Release|Any CPU = Release|Any CPU
	EndGlobalSection
	GlobalSection(ProjectConfigurationPlatforms) = postSolution
		{E70DB46A-48EB-4CC2-A8CA-FB5F5EE5E868}.Debug|Any CPU.ActiveCfg = Debug|Any CPU
		{E70DB46A-48EB-4CC2-A8CA-FB5F5EE5E868}.Debug|Any CPU.Build.0 = Debug|Any CPU
		{E70DB46A-48EB-4CC2-A8CA-FB5F5EE5E868}.Release|Any CPU.ActiveCfg = Release|Any CPU
		{E70DB46A-48EB-4CC2-A8CA-FB5F5EE5E868}.Release|Any CPU.Build.0 = Release|Any CPU
		{F4EA3343-94FD-4AAA-9FD2-9EDFDBCBEA82}.Debug|Any CPU.ActiveCfg = Debug|Any CPU
		{F4EA3343-94FD-4AAA-9FD2-9EDFDBCBEA82}.Debug|Any CPU.Build.0 = Debug|Any CPU
		{F4EA3343-94FD-4AAA-9FD2-9EDFDBCBEA82}.Release|Any CPU.ActiveCfg = Release|Any CPU
		{F4EA3343-94FD-4AAA-9FD2-9EDFDBCBEA82}.Release|Any CPU.Build.0 = Release|Any CPU
		{5556846A-5E82-4165-8606-3B18D7FB70B7}.Debug|Any CPU.ActiveCfg = Debug|Any CPU
		{5556846A-5E82-4165-8606-3B18D7FB70B7}.Debug|Any CPU.Build.0 = Debug|Any CPU
		{5556846A-5E82-4165-8606-3B18D7FB70B7}.Release|Any CPU.ActiveCfg = Release|Any CPU
		{5556846A-5E82-4165-8606-3B18D7FB70B7}.Release|Any CPU.Build.0 = Release|Any CPU
		{7C941E58-6A66-4748-B269-7E2116F0FB73}.Debug|Any CPU.ActiveCfg = Debug|Any CPU
		{7C941E58-6A66-4748-B269-7E2116F0FB73}.Debug|Any CPU.Build.0 = Debug|Any CPU
		{7C941E58-6A66-4748-B269-7E2116F0FB73}.Release|Any CPU.ActiveCfg = Release|Any CPU
		{7C941E58-6A66-4748-B269-7E2116F0FB73}.Release|Any CPU.Build.0 = Release|Any CPU
		{FC341354-C10B-4CBF-B7EB-F7075A8BEDEB}.Debug|Any CPU.ActiveCfg = Debug|Any CPU
		{FC341354-C10B-4CBF-B7EB-F7075A8BEDEB}.Debug|Any CPU.Build.0 = Debug|Any CPU
		{FC341354-C10B-4CBF-B7EB-F7075A8BEDEB}.Release|Any CPU.ActiveCfg = Release|Any CPU
		{FC341354-C10B-4CBF-B7EB-F7075A8BEDEB}.Release|Any CPU.Build.0 = Release|Any CPU
		{DF19B5C4-6901-40DB-B8E2-66AB614C92D6}.Debug|Any CPU.ActiveCfg = Debug|Any CPU
		{DF19B5C4-6901-40DB-B8E2-66AB614C92D6}.Debug|Any CPU.Build.0 = Debug|Any CPU
		{DF19B5C4-6901-40DB-B8E2-66AB614C92D6}.Release|Any CPU.ActiveCfg = Release|Any CPU
		{DF19B5C4-6901-40DB-B8E2-66AB614C92D6}.Release|Any CPU.Build.0 = Release|Any CPU
		{157B8945-CF60-4622-8000-0A8111E6DB84}.Debug|Any CPU.ActiveCfg = Debug|Any CPU
		{157B8945-CF60-4622-8000-0A8111E6DB84}.Debug|Any CPU.Build.0 = Debug|Any CPU
		{157B8945-CF60-4622-8000-0A8111E6DB84}.Release|Any CPU.ActiveCfg = Release|Any CPU
		{157B8945-CF60-4622-8000-0A8111E6DB84}.Release|Any CPU.Build.0 = Release|Any CPU
		{75C29A38-49BB-41A1-8A23-F42CB8116546}.Debug|Any CPU.ActiveCfg = Debug|Any CPU
		{75C29A38-49BB-41A1-8A23-F42CB8116546}.Debug|Any CPU.Build.0 = Debug|Any CPU
		{75C29A38-49BB-41A1-8A23-F42CB8116546}.Release|Any CPU.ActiveCfg = Release|Any CPU
		{75C29A38-49BB-41A1-8A23-F42CB8116546}.Release|Any CPU.Build.0 = Release|Any CPU
		{76074EF7-8D70-4951-A89D-53BF55477CDF}.Debug|Any CPU.ActiveCfg = Debug|Any CPU
		{76074EF7-8D70-4951-A89D-53BF55477CDF}.Debug|Any CPU.Build.0 = Debug|Any CPU
		{76074EF7-8D70-4951-A89D-53BF55477CDF}.Release|Any CPU.ActiveCfg = Release|Any CPU
		{76074EF7-8D70-4951-A89D-53BF55477CDF}.Release|Any CPU.Build.0 = Release|Any CPU
		{F30A5E78-908B-4D2F-BD7C-B13C60E42121}.Debug|Any CPU.ActiveCfg = Debug|Any CPU
		{F30A5E78-908B-4D2F-BD7C-B13C60E42121}.Debug|Any CPU.Build.0 = Debug|Any CPU
		{F30A5E78-908B-4D2F-BD7C-B13C60E42121}.Release|Any CPU.ActiveCfg = Release|Any CPU
		{F30A5E78-908B-4D2F-BD7C-B13C60E42121}.Release|Any CPU.Build.0 = Release|Any CPU
		{1D9FDB3E-8C03-493F-8D76-0443B298E854}.Debug|Any CPU.ActiveCfg = Debug|Any CPU
		{1D9FDB3E-8C03-493F-8D76-0443B298E854}.Debug|Any CPU.Build.0 = Debug|Any CPU
		{1D9FDB3E-8C03-493F-8D76-0443B298E854}.Release|Any CPU.ActiveCfg = Release|Any CPU
		{1D9FDB3E-8C03-493F-8D76-0443B298E854}.Release|Any CPU.Build.0 = Release|Any CPU
		{B10CC096-D791-437C-812F-A18ECEF5902A}.Debug|Any CPU.ActiveCfg = Debug|Any CPU
		{B10CC096-D791-437C-812F-A18ECEF5902A}.Debug|Any CPU.Build.0 = Debug|Any CPU
		{B10CC096-D791-437C-812F-A18ECEF5902A}.Release|Any CPU.ActiveCfg = Release|Any CPU
		{B10CC096-D791-437C-812F-A18ECEF5902A}.Release|Any CPU.Build.0 = Release|Any CPU
		{9F039B4C-22C7-488B-9E2F-B7224CC46A2D}.Debug|Any CPU.ActiveCfg = Debug|Any CPU
		{9F039B4C-22C7-488B-9E2F-B7224CC46A2D}.Debug|Any CPU.Build.0 = Debug|Any CPU
		{9F039B4C-22C7-488B-9E2F-B7224CC46A2D}.Release|Any CPU.ActiveCfg = Release|Any CPU
		{9F039B4C-22C7-488B-9E2F-B7224CC46A2D}.Release|Any CPU.Build.0 = Release|Any CPU
		{A6ECC225-6634-474E-97F6-54FB2F758C99}.Debug|Any CPU.ActiveCfg = Debug|Any CPU
		{A6ECC225-6634-474E-97F6-54FB2F758C99}.Debug|Any CPU.Build.0 = Debug|Any CPU
		{A6ECC225-6634-474E-97F6-54FB2F758C99}.Release|Any CPU.ActiveCfg = Release|Any CPU
		{A6ECC225-6634-474E-97F6-54FB2F758C99}.Release|Any CPU.Build.0 = Release|Any CPU
		{3F40E5B7-90FE-4A7E-9A96-9F604CF94134}.Debug|Any CPU.ActiveCfg = Debug|Any CPU
		{3F40E5B7-90FE-4A7E-9A96-9F604CF94134}.Debug|Any CPU.Build.0 = Debug|Any CPU
		{3F40E5B7-90FE-4A7E-9A96-9F604CF94134}.Release|Any CPU.ActiveCfg = Release|Any CPU
		{3F40E5B7-90FE-4A7E-9A96-9F604CF94134}.Release|Any CPU.Build.0 = Release|Any CPU
		{84FEC583-D643-4465-ADA0-C34C9BF8C624}.Debug|Any CPU.ActiveCfg = Debug|Any CPU
		{84FEC583-D643-4465-ADA0-C34C9BF8C624}.Debug|Any CPU.Build.0 = Debug|Any CPU
		{84FEC583-D643-4465-ADA0-C34C9BF8C624}.Release|Any CPU.ActiveCfg = Release|Any CPU
		{84FEC583-D643-4465-ADA0-C34C9BF8C624}.Release|Any CPU.Build.0 = Release|Any CPU
		{FF83A06F-4CC1-4985-973C-3EE0CBFC4CC0}.Debug|Any CPU.ActiveCfg = Debug|Any CPU
		{FF83A06F-4CC1-4985-973C-3EE0CBFC4CC0}.Debug|Any CPU.Build.0 = Debug|Any CPU
		{FF83A06F-4CC1-4985-973C-3EE0CBFC4CC0}.Release|Any CPU.ActiveCfg = Release|Any CPU
		{FF83A06F-4CC1-4985-973C-3EE0CBFC4CC0}.Release|Any CPU.Build.0 = Release|Any CPU
		{89EB46F1-FC6D-4334-AF54-B3D020EADCC5}.Debug|Any CPU.ActiveCfg = Debug|Any CPU
		{89EB46F1-FC6D-4334-AF54-B3D020EADCC5}.Debug|Any CPU.Build.0 = Debug|Any CPU
		{89EB46F1-FC6D-4334-AF54-B3D020EADCC5}.Release|Any CPU.ActiveCfg = Release|Any CPU
		{89EB46F1-FC6D-4334-AF54-B3D020EADCC5}.Release|Any CPU.Build.0 = Release|Any CPU
		{7092AC78-846B-424B-9CC3-94E2CB2D3C25}.Debug|Any CPU.ActiveCfg = Debug|Any CPU
		{7092AC78-846B-424B-9CC3-94E2CB2D3C25}.Debug|Any CPU.Build.0 = Debug|Any CPU
		{7092AC78-846B-424B-9CC3-94E2CB2D3C25}.Release|Any CPU.ActiveCfg = Release|Any CPU
		{7092AC78-846B-424B-9CC3-94E2CB2D3C25}.Release|Any CPU.Build.0 = Release|Any CPU
		{45837DC4-D36B-41BB-A4A4-A785C43F6B3A}.Debug|Any CPU.ActiveCfg = Debug|Any CPU
		{45837DC4-D36B-41BB-A4A4-A785C43F6B3A}.Debug|Any CPU.Build.0 = Debug|Any CPU
		{45837DC4-D36B-41BB-A4A4-A785C43F6B3A}.Release|Any CPU.ActiveCfg = Release|Any CPU
		{45837DC4-D36B-41BB-A4A4-A785C43F6B3A}.Release|Any CPU.Build.0 = Release|Any CPU
		{5B629BE9-F94F-4780-821A-12FA8712B39D}.Debug|Any CPU.ActiveCfg = Debug|Any CPU
		{5B629BE9-F94F-4780-821A-12FA8712B39D}.Debug|Any CPU.Build.0 = Debug|Any CPU
		{5B629BE9-F94F-4780-821A-12FA8712B39D}.Release|Any CPU.ActiveCfg = Release|Any CPU
		{5B629BE9-F94F-4780-821A-12FA8712B39D}.Release|Any CPU.Build.0 = Release|Any CPU
		{0B20335D-D367-437F-9F49-5AD477D0EF57}.Debug|Any CPU.ActiveCfg = Debug|Any CPU
		{0B20335D-D367-437F-9F49-5AD477D0EF57}.Debug|Any CPU.Build.0 = Debug|Any CPU
		{0B20335D-D367-437F-9F49-5AD477D0EF57}.Release|Any CPU.ActiveCfg = Release|Any CPU
		{0B20335D-D367-437F-9F49-5AD477D0EF57}.Release|Any CPU.Build.0 = Release|Any CPU
		{C6E0C94D-35E0-4707-AB40-BD69B3180C58}.Debug|Any CPU.ActiveCfg = Debug|Any CPU
		{C6E0C94D-35E0-4707-AB40-BD69B3180C58}.Debug|Any CPU.Build.0 = Debug|Any CPU
		{C6E0C94D-35E0-4707-AB40-BD69B3180C58}.Release|Any CPU.ActiveCfg = Release|Any CPU
		{C6E0C94D-35E0-4707-AB40-BD69B3180C58}.Release|Any CPU.Build.0 = Release|Any CPU
		{E9494B04-F32E-4E3B-9CE0-EBCB3AD77FE5}.Debug|Any CPU.ActiveCfg = Debug|Any CPU
		{E9494B04-F32E-4E3B-9CE0-EBCB3AD77FE5}.Debug|Any CPU.Build.0 = Debug|Any CPU
		{E9494B04-F32E-4E3B-9CE0-EBCB3AD77FE5}.Release|Any CPU.ActiveCfg = Release|Any CPU
		{E9494B04-F32E-4E3B-9CE0-EBCB3AD77FE5}.Release|Any CPU.Build.0 = Release|Any CPU
		{393B4953-A0F9-4A7D-8B1D-1CC5A3E7A4FE}.Debug|Any CPU.ActiveCfg = Debug|Any CPU
		{393B4953-A0F9-4A7D-8B1D-1CC5A3E7A4FE}.Debug|Any CPU.Build.0 = Debug|Any CPU
		{393B4953-A0F9-4A7D-8B1D-1CC5A3E7A4FE}.Release|Any CPU.ActiveCfg = Release|Any CPU
		{393B4953-A0F9-4A7D-8B1D-1CC5A3E7A4FE}.Release|Any CPU.Build.0 = Release|Any CPU
		{7390EE77-7402-413C-B643-DBB261FF1AC8}.Debug|Any CPU.ActiveCfg = Debug|Any CPU
		{7390EE77-7402-413C-B643-DBB261FF1AC8}.Debug|Any CPU.Build.0 = Debug|Any CPU
		{7390EE77-7402-413C-B643-DBB261FF1AC8}.Release|Any CPU.ActiveCfg = Release|Any CPU
		{7390EE77-7402-413C-B643-DBB261FF1AC8}.Release|Any CPU.Build.0 = Release|Any CPU
		{D62D640C-2B72-46E2-AC82-F7FB1118685A}.Debug|Any CPU.ActiveCfg = Debug|Any CPU
		{D62D640C-2B72-46E2-AC82-F7FB1118685A}.Debug|Any CPU.Build.0 = Debug|Any CPU
		{D62D640C-2B72-46E2-AC82-F7FB1118685A}.Release|Any CPU.ActiveCfg = Release|Any CPU
		{D62D640C-2B72-46E2-AC82-F7FB1118685A}.Release|Any CPU.Build.0 = Release|Any CPU
		{5E39462D-5603-47B5-A655-393ED7A70A8F}.Debug|Any CPU.ActiveCfg = Debug|Any CPU
		{5E39462D-5603-47B5-A655-393ED7A70A8F}.Debug|Any CPU.Build.0 = Debug|Any CPU
		{5E39462D-5603-47B5-A655-393ED7A70A8F}.Release|Any CPU.ActiveCfg = Release|Any CPU
		{5E39462D-5603-47B5-A655-393ED7A70A8F}.Release|Any CPU.Build.0 = Release|Any CPU
		{09DAF1F7-4F77-4E7A-AF7D-146EE8B7EA86}.Debug|Any CPU.ActiveCfg = Debug|Any CPU
		{09DAF1F7-4F77-4E7A-AF7D-146EE8B7EA86}.Debug|Any CPU.Build.0 = Debug|Any CPU
		{09DAF1F7-4F77-4E7A-AF7D-146EE8B7EA86}.Release|Any CPU.ActiveCfg = Release|Any CPU
		{09DAF1F7-4F77-4E7A-AF7D-146EE8B7EA86}.Release|Any CPU.Build.0 = Release|Any CPU
		{721AA51B-45A1-487D-9A41-FE484D41539C}.Debug|Any CPU.ActiveCfg = Debug|Any CPU
		{721AA51B-45A1-487D-9A41-FE484D41539C}.Debug|Any CPU.Build.0 = Debug|Any CPU
		{721AA51B-45A1-487D-9A41-FE484D41539C}.Release|Any CPU.ActiveCfg = Release|Any CPU
		{721AA51B-45A1-487D-9A41-FE484D41539C}.Release|Any CPU.Build.0 = Release|Any CPU
	EndGlobalSection
	GlobalSection(SolutionProperties) = preSolution
		HideSolutionNode = FALSE
	EndGlobalSection
EndGlobal
